// !$*UTF8*$!
{
	archiveVersion = 1;
	classes = {
	};
	objectVersion = 46;
	objects = {

/* Begin PBXBuildFile section */
		034A45F91F6B5BDB00E05123 /* PlaybackManager.swift in Sources */ = {isa = PBXBuildFile; fileRef = 034A45F81F6B5BDB00E05123 /* PlaybackManager.swift */; };
		035B1A751F61D0DC00A6FB25 /* AppDelegate.swift in Sources */ = {isa = PBXBuildFile; fileRef = 035B1A741F61D0DC00A6FB25 /* AppDelegate.swift */; };
		035B1A771F61D0DC00A6FB25 /* PlayerViewController.swift in Sources */ = {isa = PBXBuildFile; fileRef = 035B1A761F61D0DC00A6FB25 /* PlayerViewController.swift */; };
		035B1A7E1F61D0DC00A6FB25 /* Assets.xcassets in Resources */ = {isa = PBXBuildFile; fileRef = 035B1A7D1F61D0DC00A6FB25 /* Assets.xcassets */; };
		035B1A811F61D0DC00A6FB25 /* LaunchScreen.storyboard in Resources */ = {isa = PBXBuildFile; fileRef = 035B1A7F1F61D0DC00A6FB25 /* LaunchScreen.storyboard */; };
		035B1A891F67221B00A6FB25 /* raa-logo-256.png in Resources */ = {isa = PBXBuildFile; fileRef = 035B1A881F67221B00A6FB25 /* raa-logo-256.png */; };
		035B1A8D1F68777D00A6FB25 /* PlayerStoryboard.storyboard in Resources */ = {isa = PBXBuildFile; fileRef = 035B1A8C1F68777D00A6FB25 /* PlayerStoryboard.storyboard */; };
		035B1AC71F68E67800A6FB25 /* ConfigViewController.swift in Sources */ = {isa = PBXBuildFile; fileRef = 035B1AC61F68E67800A6FB25 /* ConfigViewController.swift */; };
		035B1AC91F68F4C800A6FB25 /* Settings.swift in Sources */ = {isa = PBXBuildFile; fileRef = 035B1AC81F68F4C800A6FB25 /* Settings.swift */; };
		035FAE781F7302B100E605A0 /* NotificationManager.swift in Sources */ = {isa = PBXBuildFile; fileRef = 035FAE771F7302B100E605A0 /* NotificationManager.swift */; };
/* End PBXBuildFile section */

/* Begin PBXFileReference section */
		034A45F81F6B5BDB00E05123 /* PlaybackManager.swift */ = {isa = PBXFileReference; fileEncoding = 4; lastKnownFileType = sourcecode.swift; path = PlaybackManager.swift; sourceTree = "<group>"; };
		035B1A711F61D0DC00A6FB25 /* raa-ios-player.app */ = {isa = PBXFileReference; explicitFileType = wrapper.application; includeInIndex = 0; path = "raa-ios-player.app"; sourceTree = BUILT_PRODUCTS_DIR; };
		035B1A741F61D0DC00A6FB25 /* AppDelegate.swift */ = {isa = PBXFileReference; lastKnownFileType = sourcecode.swift; path = AppDelegate.swift; sourceTree = "<group>"; };
		035B1A761F61D0DC00A6FB25 /* PlayerViewController.swift */ = {isa = PBXFileReference; lastKnownFileType = sourcecode.swift; path = PlayerViewController.swift; sourceTree = "<group>"; };
		035B1A7D1F61D0DC00A6FB25 /* Assets.xcassets */ = {isa = PBXFileReference; lastKnownFileType = folder.assetcatalog; path = Assets.xcassets; sourceTree = "<group>"; };
		035B1A801F61D0DC00A6FB25 /* Base */ = {isa = PBXFileReference; lastKnownFileType = file.storyboard; name = Base; path = Base.lproj/LaunchScreen.storyboard; sourceTree = "<group>"; };
		035B1A821F61D0DC00A6FB25 /* Info.plist */ = {isa = PBXFileReference; lastKnownFileType = text.plist.xml; path = Info.plist; sourceTree = "<group>"; };
		035B1A881F67221B00A6FB25 /* raa-logo-256.png */ = {isa = PBXFileReference; lastKnownFileType = image.png; name = "raa-logo-256.png"; path = "../../workspace/raa-logo-256.png"; sourceTree = "<group>"; };
		035B1A8C1F68777D00A6FB25 /* PlayerStoryboard.storyboard */ = {isa = PBXFileReference; fileEncoding = 4; lastKnownFileType = file.storyboard; path = PlayerStoryboard.storyboard; sourceTree = "<group>"; };
		035B1AC61F68E67800A6FB25 /* ConfigViewController.swift */ = {isa = PBXFileReference; fileEncoding = 4; lastKnownFileType = sourcecode.swift; path = ConfigViewController.swift; sourceTree = "<group>"; };
		035B1AC81F68F4C800A6FB25 /* Settings.swift */ = {isa = PBXFileReference; fileEncoding = 4; lastKnownFileType = sourcecode.swift; path = Settings.swift; sourceTree = "<group>"; };
		035FAE771F7302B100E605A0 /* NotificationManager.swift */ = {isa = PBXFileReference; lastKnownFileType = sourcecode.swift; path = NotificationManager.swift; sourceTree = "<group>"; };
		03CB7D2C1F71B69B001AE710 /* raa-ios-player.entitlements */ = {isa = PBXFileReference; lastKnownFileType = text.plist.entitlements; path = "raa-ios-player.entitlements"; sourceTree = "<group>"; };
/* End PBXFileReference section */

/* Begin PBXFrameworksBuildPhase section */
		035B1A6E1F61D0DC00A6FB25 /* Frameworks */ = {
			isa = PBXFrameworksBuildPhase;
			buildActionMask = 2147483647;
			files = (
			);
			runOnlyForDeploymentPostprocessing = 0;
		};
/* End PBXFrameworksBuildPhase section */

/* Begin PBXGroup section */
		035B1A681F61D0DC00A6FB25 = {
			isa = PBXGroup;
			children = (
				035B1A731F61D0DC00A6FB25 /* raa-ios-player */,
				035B1A721F61D0DC00A6FB25 /* Products */,
			);
			sourceTree = "<group>";
		};
		035B1A721F61D0DC00A6FB25 /* Products */ = {
			isa = PBXGroup;
			children = (
				035B1A711F61D0DC00A6FB25 /* raa-ios-player.app */,
			);
			name = Products;
			sourceTree = "<group>";
		};
		035B1A731F61D0DC00A6FB25 /* raa-ios-player */ = {
			isa = PBXGroup;
			children = (
				035B1A7D1F61D0DC00A6FB25 /* Assets.xcassets */,
				03CB7D2C1F71B69B001AE710 /* raa-ios-player.entitlements */,
				035B1A741F61D0DC00A6FB25 /* AppDelegate.swift */,
				035B1A761F61D0DC00A6FB25 /* PlayerViewController.swift */,
				035B1A8C1F68777D00A6FB25 /* PlayerStoryboard.storyboard */,
				035B1AC61F68E67800A6FB25 /* ConfigViewController.swift */,
				035B1A7F1F61D0DC00A6FB25 /* LaunchScreen.storyboard */,
				034A45F81F6B5BDB00E05123 /* PlaybackManager.swift */,
				035FAE771F7302B100E605A0 /* NotificationManager.swift */,
				035B1AC81F68F4C800A6FB25 /* Settings.swift */,
				035B1A881F67221B00A6FB25 /* raa-logo-256.png */,
				035B1A821F61D0DC00A6FB25 /* Info.plist */,
			);
			path = "raa-ios-player";
			sourceTree = "<group>";
		};
/* End PBXGroup section */

/* Begin PBXNativeTarget section */
		035B1A701F61D0DC00A6FB25 /* raa-ios-player */ = {
			isa = PBXNativeTarget;
			buildConfigurationList = 035B1A851F61D0DC00A6FB25 /* Build configuration list for PBXNativeTarget "raa-ios-player" */;
			buildPhases = (
				035B1A6D1F61D0DC00A6FB25 /* Sources */,
				035B1A6E1F61D0DC00A6FB25 /* Frameworks */,
				035B1A6F1F61D0DC00A6FB25 /* Resources */,
			);
			buildRules = (
			);
			dependencies = (
			);
			name = "raa-ios-player";
			productName = "raa-ios-player";
			productReference = 035B1A711F61D0DC00A6FB25 /* raa-ios-player.app */;
			productType = "com.apple.product-type.application";
		};
/* End PBXNativeTarget section */

/* Begin PBXProject section */
		035B1A691F61D0DC00A6FB25 /* Project object */ = {
			isa = PBXProject;
			attributes = {
				LastSwiftUpdateCheck = 0830;
				LastUpgradeCheck = 0900;
				ORGANIZATIONNAME = "Auto-asaad";
				TargetAttributes = {
					035B1A701F61D0DC00A6FB25 = {
						CreatedOnToolsVersion = 8.3.3;
						DevelopmentTeam = YLKA663U7G;
						LastSwiftMigration = 0900;
						ProvisioningStyle = Automatic;
						SystemCapabilities = {
							com.apple.BackgroundModes = {
								enabled = 1;
							};
							com.apple.Push = {
								enabled = 1;
							};
						};
					};
				};
			};
			buildConfigurationList = 035B1A6C1F61D0DC00A6FB25 /* Build configuration list for PBXProject "raa-ios-player" */;
			compatibilityVersion = "Xcode 3.2";
			developmentRegion = English;
			hasScannedForEncodings = 0;
			knownRegions = (
				en,
				Base,
			);
			mainGroup = 035B1A681F61D0DC00A6FB25;
			productRefGroup = 035B1A721F61D0DC00A6FB25 /* Products */;
			projectDirPath = "";
			projectRoot = "";
			targets = (
				035B1A701F61D0DC00A6FB25 /* raa-ios-player */,
			);
		};
/* End PBXProject section */

/* Begin PBXResourcesBuildPhase section */
		035B1A6F1F61D0DC00A6FB25 /* Resources */ = {
			isa = PBXResourcesBuildPhase;
			buildActionMask = 2147483647;
			files = (
				035B1A8D1F68777D00A6FB25 /* PlayerStoryboard.storyboard in Resources */,
				035B1A811F61D0DC00A6FB25 /* LaunchScreen.storyboard in Resources */,
				035B1A7E1F61D0DC00A6FB25 /* Assets.xcassets in Resources */,
				035B1A891F67221B00A6FB25 /* raa-logo-256.png in Resources */,
			);
			runOnlyForDeploymentPostprocessing = 0;
		};
/* End PBXResourcesBuildPhase section */

/* Begin PBXSourcesBuildPhase section */
		035B1A6D1F61D0DC00A6FB25 /* Sources */ = {
			isa = PBXSourcesBuildPhase;
			buildActionMask = 2147483647;
			files = (
				035FAE781F7302B100E605A0 /* NotificationManager.swift in Sources */,
				035B1A751F61D0DC00A6FB25 /* AppDelegate.swift in Sources */,
				035B1A771F61D0DC00A6FB25 /* PlayerViewController.swift in Sources */,
				035B1AC91F68F4C800A6FB25 /* Settings.swift in Sources */,
				034A45F91F6B5BDB00E05123 /* PlaybackManager.swift in Sources */,
				035B1AC71F68E67800A6FB25 /* ConfigViewController.swift in Sources */,
			);
			runOnlyForDeploymentPostprocessing = 0;
		};
/* End PBXSourcesBuildPhase section */

/* Begin PBXVariantGroup section */
		035B1A7F1F61D0DC00A6FB25 /* LaunchScreen.storyboard */ = {
			isa = PBXVariantGroup;
			children = (
				035B1A801F61D0DC00A6FB25 /* Base */,
			);
			name = LaunchScreen.storyboard;
			sourceTree = "<group>";
		};
/* End PBXVariantGroup section */

/* Begin XCBuildConfiguration section */
		035B1A831F61D0DC00A6FB25 /* Debug */ = {
			isa = XCBuildConfiguration;
			buildSettings = {
				ALWAYS_SEARCH_USER_PATHS = NO;
				CLANG_ANALYZER_NONNULL = YES;
				CLANG_ANALYZER_NUMBER_OBJECT_CONVERSION = YES_AGGRESSIVE;
				CLANG_CXX_LANGUAGE_STANDARD = "gnu++0x";
				CLANG_CXX_LIBRARY = "libc++";
				CLANG_ENABLE_MODULES = YES;
				CLANG_ENABLE_OBJC_ARC = YES;
				CLANG_WARN_BLOCK_CAPTURE_AUTORELEASING = YES;
				CLANG_WARN_BOOL_CONVERSION = YES;
				CLANG_WARN_COMMA = YES;
				CLANG_WARN_CONSTANT_CONVERSION = YES;
				CLANG_WARN_DIRECT_OBJC_ISA_USAGE = YES_ERROR;
				CLANG_WARN_DOCUMENTATION_COMMENTS = YES;
				CLANG_WARN_EMPTY_BODY = YES;
				CLANG_WARN_ENUM_CONVERSION = YES;
				CLANG_WARN_INFINITE_RECURSION = YES;
				CLANG_WARN_INT_CONVERSION = YES;
				CLANG_WARN_NON_LITERAL_NULL_CONVERSION = YES;
				CLANG_WARN_OBJC_LITERAL_CONVERSION = YES;
				CLANG_WARN_OBJC_ROOT_CLASS = YES_ERROR;
				CLANG_WARN_RANGE_LOOP_ANALYSIS = YES;
				CLANG_WARN_STRICT_PROTOTYPES = YES;
				CLANG_WARN_SUSPICIOUS_MOVE = YES;
				CLANG_WARN_UNREACHABLE_CODE = YES;
				CLANG_WARN__DUPLICATE_METHOD_MATCH = YES;
				"CODE_SIGN_IDENTITY[sdk=iphoneos*]" = "iPhone Developer";
				COPY_PHASE_STRIP = NO;
				DEBUG_INFORMATION_FORMAT = dwarf;
				ENABLE_STRICT_OBJC_MSGSEND = YES;
				ENABLE_TESTABILITY = YES;
				GCC_C_LANGUAGE_STANDARD = gnu99;
				GCC_DYNAMIC_NO_PIC = NO;
				GCC_NO_COMMON_BLOCKS = YES;
				GCC_OPTIMIZATION_LEVEL = 0;
				GCC_PREPROCESSOR_DEFINITIONS = (
					"DEBUG=1",
					"$(inherited)",
				);
				GCC_WARN_64_TO_32_BIT_CONVERSION = YES;
				GCC_WARN_ABOUT_RETURN_TYPE = YES_ERROR;
				GCC_WARN_UNDECLARED_SELECTOR = YES;
				GCC_WARN_UNINITIALIZED_AUTOS = YES_AGGRESSIVE;
				GCC_WARN_UNUSED_FUNCTION = YES;
				GCC_WARN_UNUSED_VARIABLE = YES;
				IPHONEOS_DEPLOYMENT_TARGET = 10.3;
				MTL_ENABLE_DEBUG_INFO = YES;
				ONLY_ACTIVE_ARCH = YES;
				SDKROOT = iphoneos;
				SWIFT_ACTIVE_COMPILATION_CONDITIONS = DEBUG;
				SWIFT_OPTIMIZATION_LEVEL = "-Onone";
				TARGETED_DEVICE_FAMILY = "1,2";
			};
			name = Debug;
		};
		035B1A841F61D0DC00A6FB25 /* Release */ = {
			isa = XCBuildConfiguration;
			buildSettings = {
				ALWAYS_SEARCH_USER_PATHS = NO;
				CLANG_ANALYZER_NONNULL = YES;
				CLANG_ANALYZER_NUMBER_OBJECT_CONVERSION = YES_AGGRESSIVE;
				CLANG_CXX_LANGUAGE_STANDARD = "gnu++0x";
				CLANG_CXX_LIBRARY = "libc++";
				CLANG_ENABLE_MODULES = YES;
				CLANG_ENABLE_OBJC_ARC = YES;
				CLANG_WARN_BLOCK_CAPTURE_AUTORELEASING = YES;
				CLANG_WARN_BOOL_CONVERSION = YES;
				CLANG_WARN_COMMA = YES;
				CLANG_WARN_CONSTANT_CONVERSION = YES;
				CLANG_WARN_DIRECT_OBJC_ISA_USAGE = YES_ERROR;
				CLANG_WARN_DOCUMENTATION_COMMENTS = YES;
				CLANG_WARN_EMPTY_BODY = YES;
				CLANG_WARN_ENUM_CONVERSION = YES;
				CLANG_WARN_INFINITE_RECURSION = YES;
				CLANG_WARN_INT_CONVERSION = YES;
				CLANG_WARN_NON_LITERAL_NULL_CONVERSION = YES;
				CLANG_WARN_OBJC_LITERAL_CONVERSION = YES;
				CLANG_WARN_OBJC_ROOT_CLASS = YES_ERROR;
				CLANG_WARN_RANGE_LOOP_ANALYSIS = YES;
				CLANG_WARN_STRICT_PROTOTYPES = YES;
				CLANG_WARN_SUSPICIOUS_MOVE = YES;
				CLANG_WARN_UNREACHABLE_CODE = YES;
				CLANG_WARN__DUPLICATE_METHOD_MATCH = YES;
				"CODE_SIGN_IDENTITY[sdk=iphoneos*]" = "iPhone Developer";
				COPY_PHASE_STRIP = NO;
				DEBUG_INFORMATION_FORMAT = "dwarf-with-dsym";
				ENABLE_NS_ASSERTIONS = NO;
				ENABLE_STRICT_OBJC_MSGSEND = YES;
				GCC_C_LANGUAGE_STANDARD = gnu99;
				GCC_NO_COMMON_BLOCKS = YES;
				GCC_WARN_64_TO_32_BIT_CONVERSION = YES;
				GCC_WARN_ABOUT_RETURN_TYPE = YES_ERROR;
				GCC_WARN_UNDECLARED_SELECTOR = YES;
				GCC_WARN_UNINITIALIZED_AUTOS = YES_AGGRESSIVE;
				GCC_WARN_UNUSED_FUNCTION = YES;
				GCC_WARN_UNUSED_VARIABLE = YES;
				IPHONEOS_DEPLOYMENT_TARGET = 10.3;
				MTL_ENABLE_DEBUG_INFO = NO;
				SDKROOT = iphoneos;
				SWIFT_OPTIMIZATION_LEVEL = "-Owholemodule";
				TARGETED_DEVICE_FAMILY = "1,2";
				VALIDATE_PRODUCT = YES;
			};
			name = Release;
		};
		035B1A861F61D0DC00A6FB25 /* Debug */ = {
			isa = XCBuildConfiguration;
			buildSettings = {
				ASSETCATALOG_COMPILER_APPICON_NAME = AppIcon;
				CODE_SIGN_ENTITLEMENTS = "raa-ios-player/raa-ios-player.entitlements";
				DEVELOPMENT_TEAM = YLKA663U7G;
				INFOPLIST_FILE = "raa-ios-player/Info.plist";
				LD_RUNPATH_SEARCH_PATHS = "$(inherited) @executable_path/Frameworks";
				PRODUCT_BUNDLE_IDENTIFIER = "raa.raa-ios-player";
				PRODUCT_NAME = "$(TARGET_NAME)";
				SWIFT_SWIFT3_OBJC_INFERENCE = Default;
				SWIFT_VERSION = 4.0;
			};
			name = Debug;
		};
		035B1A871F61D0DC00A6FB25 /* Release */ = {
			isa = XCBuildConfiguration;
			buildSettings = {
				ASSETCATALOG_COMPILER_APPICON_NAME = AppIcon;
				CODE_SIGN_ENTITLEMENTS = "raa-ios-player/raa-ios-player.entitlements";
				DEVELOPMENT_TEAM = YLKA663U7G;
				INFOPLIST_FILE = "raa-ios-player/Info.plist";
				LD_RUNPATH_SEARCH_PATHS = "$(inherited) @executable_path/Frameworks";
				PRODUCT_BUNDLE_IDENTIFIER = "raa.raa-ios-player";
				PRODUCT_NAME = "$(TARGET_NAME)";
				SWIFT_SWIFT3_OBJC_INFERENCE = Default;
				SWIFT_VERSION = 4.0;
			};
			name = Release;
		};
/* End XCBuildConfiguration section */

/* Begin XCConfigurationList section */
		035B1A6C1F61D0DC00A6FB25 /* Build configuration list for PBXProject "raa-ios-player" */ = {
			isa = XCConfigurationList;
			buildConfigurations = (
				035B1A831F61D0DC00A6FB25 /* Debug */,
				035B1A841F61D0DC00A6FB25 /* Release */,
			);
			defaultConfigurationIsVisible = 0;
			defaultConfigurationName = Release;
		};
		035B1A851F61D0DC00A6FB25 /* Build configuration list for PBXNativeTarget "raa-ios-player" */ = {
			isa = XCConfigurationList;
			buildConfigurations = (
				035B1A861F61D0DC00A6FB25 /* Debug */,
				035B1A871F61D0DC00A6FB25 /* Release */,
			);
			defaultConfigurationIsVisible = 0;
			defaultConfigurationName = Release;
		};
/* End XCConfigurationList section */
	};
	rootObject = 035B1A691F61D0DC00A6FB25 /* Project object */;
}
