// !$*UTF8*$!
{
	archiveVersion = 1;
	classes = {
	};
	objectVersion = 48;
	objects = {

/* Begin PBXBuildFile section */
		0325645A201E5AFA00494D6E /* Context.swift in Sources */ = {isa = PBXBuildFile; fileRef = 03256459201E5AFA00494D6E /* Context.swift */; };
		0325645D201E5F1900494D6E /* Program.swift in Sources */ = {isa = PBXBuildFile; fileRef = 0325645C201E5F1900494D6E /* Program.swift */; };
		0325645F201E66D500494D6E /* UserManager.swift in Sources */ = {isa = PBXBuildFile; fileRef = 0325645E201E66D500494D6E /* UserManager.swift */; };
		03381CFE202504F300F179E1 /* UIModelCommunicator.swift in Sources */ = {isa = PBXBuildFile; fileRef = 03381CFD202504F300F179E1 /* UIModelCommunicator.swift */; };
		03381D002025279E00F179E1 /* Utils.swift in Sources */ = {isa = PBXBuildFile; fileRef = 03381CFF2025279E00F179E1 /* Utils.swift */; };
		033BDC9320374684002D4096 /* LocationManager.swift in Sources */ = {isa = PBXBuildFile; fileRef = 033BDC9220374684002D4096 /* LocationManager.swift */; };
		033BDC952037D969002D4096 /* ProgramStart.caf in Resources */ = {isa = PBXBuildFile; fileRef = 033BDC942037D969002D4096 /* ProgramStart.caf */; };
		0365F92B201931850061F974 /* PlayerView.swift in Sources */ = {isa = PBXBuildFile; fileRef = 0365F92A201931850061F974 /* PlayerView.swift */; };
		0365F92E201931F40061F974 /* FeedViewController.swift in Sources */ = {isa = PBXBuildFile; fileRef = 0365F92D201931F40061F974 /* FeedViewController.swift */; };
		0365F931201977950061F974 /* XibContainer.swift in Sources */ = {isa = PBXBuildFile; fileRef = 0365F930201977950061F974 /* XibContainer.swift */; };
		0365F9332019A5AE0061F974 /* LiveBroadcastViewController.swift in Sources */ = {isa = PBXBuildFile; fileRef = 0365F9322019A5AE0061F974 /* LiveBroadcastViewController.swift */; };
		0365F9352019A73F0061F974 /* SettingsViewController.swift in Sources */ = {isa = PBXBuildFile; fileRef = 0365F9342019A73F0061F974 /* SettingsViewController.swift */; };
		0369BD492064AC93000C2FE3 /* Assets.xcassets in Resources */ = {isa = PBXBuildFile; fileRef = 0369BD482064AC93000C2FE3 /* Assets.xcassets */; };
		03701089203286F200FDE4ED /* LiveBroadcastStatus.swift in Sources */ = {isa = PBXBuildFile; fileRef = 03701088203286F200FDE4ED /* LiveBroadcastStatus.swift */; };
		038BBD922032AE7F0031A56E /* LiveBroadcastProgramCard.swift in Sources */ = {isa = PBXBuildFile; fileRef = 038BBD912032AE7F0031A56E /* LiveBroadcastProgramCard.swift */; };
		039CD39120362A4C00303512 /* NotificationManager.swift in Sources */ = {isa = PBXBuildFile; fileRef = 039CD39020362A4C00303512 /* NotificationManager.swift */; };
		03A4988720225433008B56BA /* Podfile in Resources */ = {isa = PBXBuildFile; fileRef = 03A4988620225433008B56BA /* Podfile */; };
		03A4989D20239B1B008B56BA /* CardGroupSliding.swift in Sources */ = {isa = PBXBuildFile; fileRef = 03A4989320239B1A008B56BA /* CardGroupSliding.swift */; };
		03A4989E20239B1B008B56BA /* DetailViewController.swift in Sources */ = {isa = PBXBuildFile; fileRef = 03A4989420239B1A008B56BA /* DetailViewController.swift */; };
		03A4989F20239B1B008B56BA /* Card.swift in Sources */ = {isa = PBXBuildFile; fileRef = 03A4989520239B1A008B56BA /* Card.swift */; };
		03A498A020239B1B008B56BA /* CardPlayer.swift in Sources */ = {isa = PBXBuildFile; fileRef = 03A4989620239B1B008B56BA /* CardPlayer.swift */; };
		03A498A120239B1B008B56BA /* CardHighlight.swift in Sources */ = {isa = PBXBuildFile; fileRef = 03A4989720239B1B008B56BA /* CardHighlight.swift */; };
		03A498A220239B1B008B56BA /* Animator.swift in Sources */ = {isa = PBXBuildFile; fileRef = 03A4989820239B1B008B56BA /* Animator.swift */; };
		03A498A320239B1B008B56BA /* LayoutHelper.swift in Sources */ = {isa = PBXBuildFile; fileRef = 03A4989920239B1B008B56BA /* LayoutHelper.swift */; };
		03A498A420239B1B008B56BA /* CardGroup.swift in Sources */ = {isa = PBXBuildFile; fileRef = 03A4989A20239B1B008B56BA /* CardGroup.swift */; };
		03A498A520239B1B008B56BA /* CardArticle.swift in Sources */ = {isa = PBXBuildFile; fileRef = 03A4989B20239B1B008B56BA /* CardArticle.swift */; };
		03A498A72023B976008B56BA /* ProgramDetailsViewController.swift in Sources */ = {isa = PBXBuildFile; fileRef = 03A498A62023B976008B56BA /* ProgramDetailsViewController.swift */; };
		03A498A92023C4DD008B56BA /* FeedManager.swift in Sources */ = {isa = PBXBuildFile; fileRef = 03A498A82023C4DD008B56BA /* FeedManager.swift */; };
		03A498AC2023C92E008B56BA /* User.swift in Sources */ = {isa = PBXBuildFile; fileRef = 03A498AB2023C92E008B56BA /* User.swift */; };
		03A498B120240947008B56BA /* ProgramCard.swift in Sources */ = {isa = PBXBuildFile; fileRef = 03A498AF20240946008B56BA /* ProgramCard.swift */; };
		03A498B220240947008B56BA /* FeedEntryProgramCard.swift in Sources */ = {isa = PBXBuildFile; fileRef = 03A498B020240947008B56BA /* FeedEntryProgramCard.swift */; };
		03A932932033EDCE00B931B1 /* FeedEntry.swift in Sources */ = {isa = PBXBuildFile; fileRef = 03A932922033EDCE00B931B1 /* FeedEntry.swift */; };
		03CB4E69202E5D32006ECD08 /* ProgramInfoDirectoryManager.swift in Sources */ = {isa = PBXBuildFile; fileRef = 03CB4E68202E5D32006ECD08 /* ProgramInfoDirectoryManager.swift */; };
		03CB4E6B202E5DD5006ECD08 /* ProgramInfo.swift in Sources */ = {isa = PBXBuildFile; fileRef = 03CB4E6A202E5DD5006ECD08 /* ProgramInfo.swift */; };
		03CB4E6D202F7762006ECD08 /* PlaybackManager.swift in Sources */ = {isa = PBXBuildFile; fileRef = 03CB4E6C202F7762006ECD08 /* PlaybackManager.swift */; };
		03D90129204131AA0064908E /* ProgramArchiveEntryCard.swift in Sources */ = {isa = PBXBuildFile; fileRef = 03D90128204131AA0064908E /* ProgramArchiveEntryCard.swift */; };
		03D9012B204211190064908E /* ArchiveEntry.swift in Sources */ = {isa = PBXBuildFile; fileRef = 03D9012A204211190064908E /* ArchiveEntry.swift */; };
		03DDFB6B203E201C006C1F8F /* BackwardCompatibleNavigationController.swift in Sources */ = {isa = PBXBuildFile; fileRef = 03DDFB6A203E201C006C1F8F /* BackwardCompatibleNavigationController.swift */; };
		03E07EFC202F890C00B4677B /* PlayerViewController.swift in Sources */ = {isa = PBXBuildFile; fileRef = 03E07EFB202F890C00B4677B /* PlayerViewController.swift */; };
		03E07EFE2030CF3700B4677B /* SplashScreenViewController.swift in Sources */ = {isa = PBXBuildFile; fileRef = 03E07EFD2030CF3700B4677B /* SplashScreenViewController.swift */; };
		03E07F002030D0A900B4677B /* SplashScreen.storyboard in Resources */ = {isa = PBXBuildFile; fileRef = 03E07EFF2030D0A900B4677B /* SplashScreen.storyboard */; };
		03E07F022030E44A00B4677B /* MainTabBarViewController.swift in Sources */ = {isa = PBXBuildFile; fileRef = 03E07F012030E44A00B4677B /* MainTabBarViewController.swift */; };
		03E07F0420314C8100B4677B /* LiveBroadcastManager.swift in Sources */ = {isa = PBXBuildFile; fileRef = 03E07F0320314C8100B4677B /* LiveBroadcastManager.swift */; };
		03ECCB83203F880D00EEF417 /* PublicProgramNotificationViewController.swift in Sources */ = {isa = PBXBuildFile; fileRef = 03ECCB82203F880D00EEF417 /* PublicProgramNotificationViewController.swift */; };
		03ECCB8520408ADA00EEF417 /* ArchiveViewController.swift in Sources */ = {isa = PBXBuildFile; fileRef = 03ECCB8420408ADA00EEF417 /* ArchiveViewController.swift */; };
		03ECCB872040BD0C00EEF417 /* ArchiveManager.swift in Sources */ = {isa = PBXBuildFile; fileRef = 03ECCB862040BD0C00EEF417 /* ArchiveManager.swift */; };
		03ECCB89204123BC00EEF417 /* ProgramArchiveViewController.swift in Sources */ = {isa = PBXBuildFile; fileRef = 03ECCB88204123BC00EEF417 /* ProgramArchiveViewController.swift */; };
		03F0588C2018246A00B568E3 /* AppDelegate.swift in Sources */ = {isa = PBXBuildFile; fileRef = 03F0588B2018246A00B568E3 /* AppDelegate.swift */; };
		03F058932018246A00B568E3 /* Main.storyboard in Resources */ = {isa = PBXBuildFile; fileRef = 03F058912018246A00B568E3 /* Main.storyboard */; };
		03F058982018246A00B568E3 /* LaunchScreen.storyboard in Resources */ = {isa = PBXBuildFile; fileRef = 03F058962018246A00B568E3 /* LaunchScreen.storyboard */; };
		03F326972018E7FE00FB054E /* Player.xib in Resources */ = {isa = PBXBuildFile; fileRef = 03F326962018E7FE00FB054E /* Player.xib */; };
		47E6BA6294CB374E091CD469 /* Pods_raa_ios_player.framework in Frameworks */ = {isa = PBXBuildFile; fileRef = 778C1F3F84691DEE69A058AC /* Pods_raa_ios_player.framework */; };
/* End PBXBuildFile section */

/* Begin PBXFileReference section */
		03256459201E5AFA00494D6E /* Context.swift */ = {isa = PBXFileReference; lastKnownFileType = sourcecode.swift; path = Context.swift; sourceTree = "<group>"; };
		0325645C201E5F1900494D6E /* Program.swift */ = {isa = PBXFileReference; lastKnownFileType = sourcecode.swift; path = Program.swift; sourceTree = "<group>"; };
		0325645E201E66D500494D6E /* UserManager.swift */ = {isa = PBXFileReference; lastKnownFileType = sourcecode.swift; path = UserManager.swift; sourceTree = "<group>"; };
		03381CFD202504F300F179E1 /* UIModelCommunicator.swift */ = {isa = PBXFileReference; lastKnownFileType = sourcecode.swift; path = UIModelCommunicator.swift; sourceTree = "<group>"; };
		03381CFF2025279E00F179E1 /* Utils.swift */ = {isa = PBXFileReference; lastKnownFileType = sourcecode.swift; path = Utils.swift; sourceTree = "<group>"; };
		033BDC9220374684002D4096 /* LocationManager.swift */ = {isa = PBXFileReference; lastKnownFileType = sourcecode.swift; path = LocationManager.swift; sourceTree = "<group>"; };
		033BDC942037D969002D4096 /* ProgramStart.caf */ = {isa = PBXFileReference; lastKnownFileType = file; path = ProgramStart.caf; sourceTree = "<group>"; };
		0365F92A201931850061F974 /* PlayerView.swift */ = {isa = PBXFileReference; lastKnownFileType = sourcecode.swift; path = PlayerView.swift; sourceTree = "<group>"; };
		0365F92D201931F40061F974 /* FeedViewController.swift */ = {isa = PBXFileReference; lastKnownFileType = sourcecode.swift; path = FeedViewController.swift; sourceTree = "<group>"; };
		0365F930201977950061F974 /* XibContainer.swift */ = {isa = PBXFileReference; lastKnownFileType = sourcecode.swift; path = XibContainer.swift; sourceTree = "<group>"; };
		0365F9322019A5AE0061F974 /* LiveBroadcastViewController.swift */ = {isa = PBXFileReference; lastKnownFileType = sourcecode.swift; path = LiveBroadcastViewController.swift; sourceTree = "<group>"; };
		0365F9342019A73F0061F974 /* SettingsViewController.swift */ = {isa = PBXFileReference; lastKnownFileType = sourcecode.swift; path = SettingsViewController.swift; sourceTree = "<group>"; };
		0369BD482064AC93000C2FE3 /* Assets.xcassets */ = {isa = PBXFileReference; lastKnownFileType = folder.assetcatalog; path = Assets.xcassets; sourceTree = "<group>"; };
		03701088203286F200FDE4ED /* LiveBroadcastStatus.swift */ = {isa = PBXFileReference; lastKnownFileType = sourcecode.swift; path = LiveBroadcastStatus.swift; sourceTree = "<group>"; };
		038BBD912032AE7F0031A56E /* LiveBroadcastProgramCard.swift */ = {isa = PBXFileReference; lastKnownFileType = sourcecode.swift; path = LiveBroadcastProgramCard.swift; sourceTree = "<group>"; };
		039CD39020362A4C00303512 /* NotificationManager.swift */ = {isa = PBXFileReference; lastKnownFileType = sourcecode.swift; path = NotificationManager.swift; sourceTree = "<group>"; };
		039CD39220363E9B00303512 /* raa-ios-player.entitlements */ = {isa = PBXFileReference; lastKnownFileType = text.plist.entitlements; path = "raa-ios-player.entitlements"; sourceTree = "<group>"; };
		03A4988620225433008B56BA /* Podfile */ = {isa = PBXFileReference; lastKnownFileType = text; path = Podfile; sourceTree = "<group>"; xcLanguageSpecificationIdentifier = xcode.lang.ruby; };
		03A4989320239B1A008B56BA /* CardGroupSliding.swift */ = {isa = PBXFileReference; fileEncoding = 4; lastKnownFileType = sourcecode.swift; path = CardGroupSliding.swift; sourceTree = "<group>"; };
		03A4989420239B1A008B56BA /* DetailViewController.swift */ = {isa = PBXFileReference; fileEncoding = 4; lastKnownFileType = sourcecode.swift; path = DetailViewController.swift; sourceTree = "<group>"; };
		03A4989520239B1A008B56BA /* Card.swift */ = {isa = PBXFileReference; fileEncoding = 4; lastKnownFileType = sourcecode.swift; path = Card.swift; sourceTree = "<group>"; };
		03A4989620239B1B008B56BA /* CardPlayer.swift */ = {isa = PBXFileReference; fileEncoding = 4; lastKnownFileType = sourcecode.swift; path = CardPlayer.swift; sourceTree = "<group>"; };
		03A4989720239B1B008B56BA /* CardHighlight.swift */ = {isa = PBXFileReference; fileEncoding = 4; lastKnownFileType = sourcecode.swift; path = CardHighlight.swift; sourceTree = "<group>"; };
		03A4989820239B1B008B56BA /* Animator.swift */ = {isa = PBXFileReference; fileEncoding = 4; lastKnownFileType = sourcecode.swift; path = Animator.swift; sourceTree = "<group>"; };
		03A4989920239B1B008B56BA /* LayoutHelper.swift */ = {isa = PBXFileReference; fileEncoding = 4; lastKnownFileType = sourcecode.swift; path = LayoutHelper.swift; sourceTree = "<group>"; };
		03A4989A20239B1B008B56BA /* CardGroup.swift */ = {isa = PBXFileReference; fileEncoding = 4; lastKnownFileType = sourcecode.swift; path = CardGroup.swift; sourceTree = "<group>"; };
		03A4989B20239B1B008B56BA /* CardArticle.swift */ = {isa = PBXFileReference; fileEncoding = 4; lastKnownFileType = sourcecode.swift; path = CardArticle.swift; sourceTree = "<group>"; };
		03A498A62023B976008B56BA /* ProgramDetailsViewController.swift */ = {isa = PBXFileReference; lastKnownFileType = sourcecode.swift; path = ProgramDetailsViewController.swift; sourceTree = "<group>"; };
		03A498A82023C4DD008B56BA /* FeedManager.swift */ = {isa = PBXFileReference; lastKnownFileType = sourcecode.swift; path = FeedManager.swift; sourceTree = "<group>"; };
		03A498AB2023C92E008B56BA /* User.swift */ = {isa = PBXFileReference; lastKnownFileType = sourcecode.swift; path = User.swift; sourceTree = "<group>"; };
		03A498AF20240946008B56BA /* ProgramCard.swift */ = {isa = PBXFileReference; fileEncoding = 4; lastKnownFileType = sourcecode.swift; name = ProgramCard.swift; path = "raa-ios-player/View/Program/ProgramCard.swift"; sourceTree = SOURCE_ROOT; };
		03A498B020240947008B56BA /* FeedEntryProgramCard.swift */ = {isa = PBXFileReference; fileEncoding = 4; lastKnownFileType = sourcecode.swift; name = FeedEntryProgramCard.swift; path = "raa-ios-player/View/Program/FeedEntryProgramCard.swift"; sourceTree = SOURCE_ROOT; };
		03A932922033EDCE00B931B1 /* FeedEntry.swift */ = {isa = PBXFileReference; lastKnownFileType = sourcecode.swift; path = FeedEntry.swift; sourceTree = "<group>"; };
		03CB4E68202E5D32006ECD08 /* ProgramInfoDirectoryManager.swift */ = {isa = PBXFileReference; lastKnownFileType = sourcecode.swift; path = ProgramInfoDirectoryManager.swift; sourceTree = "<group>"; };
		03CB4E6A202E5DD5006ECD08 /* ProgramInfo.swift */ = {isa = PBXFileReference; lastKnownFileType = sourcecode.swift; path = ProgramInfo.swift; sourceTree = "<group>"; };
		03CB4E6C202F7762006ECD08 /* PlaybackManager.swift */ = {isa = PBXFileReference; lastKnownFileType = sourcecode.swift; path = PlaybackManager.swift; sourceTree = "<group>"; };
		03D90128204131AA0064908E /* ProgramArchiveEntryCard.swift */ = {isa = PBXFileReference; lastKnownFileType = sourcecode.swift; path = ProgramArchiveEntryCard.swift; sourceTree = "<group>"; };
		03D9012A204211190064908E /* ArchiveEntry.swift */ = {isa = PBXFileReference; lastKnownFileType = sourcecode.swift; path = ArchiveEntry.swift; sourceTree = "<group>"; };
		03DDFB6A203E201C006C1F8F /* BackwardCompatibleNavigationController.swift */ = {isa = PBXFileReference; lastKnownFileType = sourcecode.swift; path = BackwardCompatibleNavigationController.swift; sourceTree = "<group>"; };
		03E07EFB202F890C00B4677B /* PlayerViewController.swift */ = {isa = PBXFileReference; lastKnownFileType = sourcecode.swift; path = PlayerViewController.swift; sourceTree = "<group>"; };
		03E07EFD2030CF3700B4677B /* SplashScreenViewController.swift */ = {isa = PBXFileReference; lastKnownFileType = sourcecode.swift; path = SplashScreenViewController.swift; sourceTree = "<group>"; };
		03E07EFF2030D0A900B4677B /* SplashScreen.storyboard */ = {isa = PBXFileReference; lastKnownFileType = file.storyboard; path = SplashScreen.storyboard; sourceTree = "<group>"; };
		03E07F012030E44A00B4677B /* MainTabBarViewController.swift */ = {isa = PBXFileReference; lastKnownFileType = sourcecode.swift; path = MainTabBarViewController.swift; sourceTree = "<group>"; };
		03E07F0320314C8100B4677B /* LiveBroadcastManager.swift */ = {isa = PBXFileReference; lastKnownFileType = sourcecode.swift; path = LiveBroadcastManager.swift; sourceTree = "<group>"; };
		03ECCB82203F880D00EEF417 /* PublicProgramNotificationViewController.swift */ = {isa = PBXFileReference; lastKnownFileType = sourcecode.swift; path = PublicProgramNotificationViewController.swift; sourceTree = "<group>"; };
		03ECCB8420408ADA00EEF417 /* ArchiveViewController.swift */ = {isa = PBXFileReference; lastKnownFileType = sourcecode.swift; path = ArchiveViewController.swift; sourceTree = "<group>"; };
		03ECCB862040BD0C00EEF417 /* ArchiveManager.swift */ = {isa = PBXFileReference; lastKnownFileType = sourcecode.swift; path = ArchiveManager.swift; sourceTree = "<group>"; };
		03ECCB88204123BC00EEF417 /* ProgramArchiveViewController.swift */ = {isa = PBXFileReference; lastKnownFileType = sourcecode.swift; path = ProgramArchiveViewController.swift; sourceTree = "<group>"; };
		03F058882018246A00B568E3 /* raa-ios-player.app */ = {isa = PBXFileReference; explicitFileType = wrapper.application; includeInIndex = 0; path = "raa-ios-player.app"; sourceTree = BUILT_PRODUCTS_DIR; };
		03F0588B2018246A00B568E3 /* AppDelegate.swift */ = {isa = PBXFileReference; lastKnownFileType = sourcecode.swift; path = AppDelegate.swift; sourceTree = "<group>"; };
		03F058922018246A00B568E3 /* Base */ = {isa = PBXFileReference; lastKnownFileType = file.storyboard; name = Base; path = Base.lproj/Main.storyboard; sourceTree = "<group>"; };
		03F058972018246A00B568E3 /* Base */ = {isa = PBXFileReference; lastKnownFileType = file.storyboard; name = Base; path = Base.lproj/LaunchScreen.storyboard; sourceTree = "<group>"; };
		03F058992018246A00B568E3 /* Info.plist */ = {isa = PBXFileReference; lastKnownFileType = text.plist.xml; path = Info.plist; sourceTree = "<group>"; };
		03F326962018E7FE00FB054E /* Player.xib */ = {isa = PBXFileReference; lastKnownFileType = file.xib; path = Player.xib; sourceTree = "<group>"; };
		70340E560AA2D00B77AF7DEC /* Pods-raa-ios-player.debug.xcconfig */ = {isa = PBXFileReference; includeInIndex = 1; lastKnownFileType = text.xcconfig; name = "Pods-raa-ios-player.debug.xcconfig"; path = "Pods/Target Support Files/Pods-raa-ios-player/Pods-raa-ios-player.debug.xcconfig"; sourceTree = "<group>"; };
		778C1F3F84691DEE69A058AC /* Pods_raa_ios_player.framework */ = {isa = PBXFileReference; explicitFileType = wrapper.framework; includeInIndex = 0; path = Pods_raa_ios_player.framework; sourceTree = BUILT_PRODUCTS_DIR; };
		8979E1EFFED910C8284194BE /* Pods-raa-ios-player.release.xcconfig */ = {isa = PBXFileReference; includeInIndex = 1; lastKnownFileType = text.xcconfig; name = "Pods-raa-ios-player.release.xcconfig"; path = "Pods/Target Support Files/Pods-raa-ios-player/Pods-raa-ios-player.release.xcconfig"; sourceTree = "<group>"; };
/* End PBXFileReference section */

/* Begin PBXFrameworksBuildPhase section */
		03F058852018246A00B568E3 /* Frameworks */ = {
			isa = PBXFrameworksBuildPhase;
			buildActionMask = 2147483647;
			files = (
				47E6BA6294CB374E091CD469 /* Pods_raa_ios_player.framework in Frameworks */,
			);
			runOnlyForDeploymentPostprocessing = 0;
		};
/* End PBXFrameworksBuildPhase section */

/* Begin PBXGroup section */
		030189EC201E48160021D65F /* Model */ = {
			isa = PBXGroup;
			children = (
				03A498AA2023C912008B56BA /* TransportEntities */,
				03E07F0320314C8100B4677B /* LiveBroadcastManager.swift */,
				03A498A82023C4DD008B56BA /* FeedManager.swift */,
				03ECCB862040BD0C00EEF417 /* ArchiveManager.swift */,
				03CB4E68202E5D32006ECD08 /* ProgramInfoDirectoryManager.swift */,
				03CB4E6C202F7762006ECD08 /* PlaybackManager.swift */,
				0325645E201E66D500494D6E /* UserManager.swift */,
				039CD39020362A4C00303512 /* NotificationManager.swift */,
				033BDC9220374684002D4096 /* LocationManager.swift */,
				03381CFD202504F300F179E1 /* UIModelCommunicator.swift */,
			);
			path = Model;
			sourceTree = "<group>";
		};
		0365F928201931300061F974 /* View */ = {
			isa = PBXGroup;
			children = (
				03A4988F20239B1A008B56BA /* Cards */,
				03A4988A2022DD4B008B56BA /* Program */,
				0365F929201931660061F974 /* Player */,
				0365F930201977950061F974 /* XibContainer.swift */,
			);
			path = View;
			sourceTree = "<group>";
		};
		0365F929201931660061F974 /* Player */ = {
			isa = PBXGroup;
			children = (
				03F326962018E7FE00FB054E /* Player.xib */,
				0365F92A201931850061F974 /* PlayerView.swift */,
			);
			path = Player;
			sourceTree = "<group>";
		};
		0365F92F201961F50061F974 /* ViewControllers */ = {
			isa = PBXGroup;
			children = (
				03E07EFD2030CF3700B4677B /* SplashScreenViewController.swift */,
				03E07F012030E44A00B4677B /* MainTabBarViewController.swift */,
				0365F92D201931F40061F974 /* FeedViewController.swift */,
				0365F9322019A5AE0061F974 /* LiveBroadcastViewController.swift */,
				03E07EFB202F890C00B4677B /* PlayerViewController.swift */,
				03A498A62023B976008B56BA /* ProgramDetailsViewController.swift */,
				03ECCB8420408ADA00EEF417 /* ArchiveViewController.swift */,
				03ECCB88204123BC00EEF417 /* ProgramArchiveViewController.swift */,
				0365F9342019A73F0061F974 /* SettingsViewController.swift */,
				03ECCB82203F880D00EEF417 /* PublicProgramNotificationViewController.swift */,
				03DDFB6A203E201C006C1F8F /* BackwardCompatibleNavigationController.swift */,
			);
			path = ViewControllers;
			sourceTree = "<group>";
		};
		03A4988A2022DD4B008B56BA /* Program */ = {
			isa = PBXGroup;
			children = (
				03A498AF20240946008B56BA /* ProgramCard.swift */,
				038BBD912032AE7F0031A56E /* LiveBroadcastProgramCard.swift */,
				03A498B020240947008B56BA /* FeedEntryProgramCard.swift */,
				03D90128204131AA0064908E /* ProgramArchiveEntryCard.swift */,
			);
			name = Program;
			path = Player;
			sourceTree = "<group>";
		};
		03A4988F20239B1A008B56BA /* Cards */ = {
			isa = PBXGroup;
			children = (
				03A4989320239B1A008B56BA /* CardGroupSliding.swift */,
				03A4989420239B1A008B56BA /* DetailViewController.swift */,
				03A4989520239B1A008B56BA /* Card.swift */,
				03A4989620239B1B008B56BA /* CardPlayer.swift */,
				03A4989720239B1B008B56BA /* CardHighlight.swift */,
				03A4989820239B1B008B56BA /* Animator.swift */,
				03A4989920239B1B008B56BA /* LayoutHelper.swift */,
				03A4989A20239B1B008B56BA /* CardGroup.swift */,
				03A4989B20239B1B008B56BA /* CardArticle.swift */,
			);
			path = Cards;
			sourceTree = "<group>";
		};
		03A498AA2023C912008B56BA /* TransportEntities */ = {
			isa = PBXGroup;
			children = (
				0325645C201E5F1900494D6E /* Program.swift */,
				03CB4E6A202E5DD5006ECD08 /* ProgramInfo.swift */,
				03A932922033EDCE00B931B1 /* FeedEntry.swift */,
				03A498AB2023C92E008B56BA /* User.swift */,
				03701088203286F200FDE4ED /* LiveBroadcastStatus.swift */,
				03D9012A204211190064908E /* ArchiveEntry.swift */,
			);
			path = TransportEntities;
			sourceTree = "<group>";
		};
		03F0587F2018246A00B568E3 = {
			isa = PBXGroup;
			children = (
				03F0588A2018246A00B568E3 /* raa-ios-player */,
				03F058892018246A00B568E3 /* Products */,
				1723B1B0CE1C0DD38B5C1F56 /* Frameworks */,
				03A4988620225433008B56BA /* Podfile */,
				A1B042A5BF68759DDE10117D /* Pods */,
			);
			sourceTree = "<group>";
		};
		03F058892018246A00B568E3 /* Products */ = {
			isa = PBXGroup;
			children = (
				03F058882018246A00B568E3 /* raa-ios-player.app */,
			);
			name = Products;
			sourceTree = "<group>";
		};
		03F0588A2018246A00B568E3 /* raa-ios-player */ = {
			isa = PBXGroup;
			children = (
				033BDC942037D969002D4096 /* ProgramStart.caf */,
				030189EC201E48160021D65F /* Model */,
				0365F92F201961F50061F974 /* ViewControllers */,
				0365F928201931300061F974 /* View */,
				03256459201E5AFA00494D6E /* Context.swift */,
				03381CFF2025279E00F179E1 /* Utils.swift */,
				03F0588B2018246A00B568E3 /* AppDelegate.swift */,
				03F058912018246A00B568E3 /* Main.storyboard */,
				03E07EFF2030D0A900B4677B /* SplashScreen.storyboard */,
				03F058962018246A00B568E3 /* LaunchScreen.storyboard */,
				03F058992018246A00B568E3 /* Info.plist */,
				0369BD482064AC93000C2FE3 /* Assets.xcassets */,
				039CD39220363E9B00303512 /* raa-ios-player.entitlements */,
			);
			path = "raa-ios-player";
			sourceTree = "<group>";
		};
		1723B1B0CE1C0DD38B5C1F56 /* Frameworks */ = {
			isa = PBXGroup;
			children = (
				778C1F3F84691DEE69A058AC /* Pods_raa_ios_player.framework */,
			);
			name = Frameworks;
			sourceTree = "<group>";
		};
		A1B042A5BF68759DDE10117D /* Pods */ = {
			isa = PBXGroup;
			children = (
				70340E560AA2D00B77AF7DEC /* Pods-raa-ios-player.debug.xcconfig */,
				8979E1EFFED910C8284194BE /* Pods-raa-ios-player.release.xcconfig */,
			);
			name = Pods;
			sourceTree = "<group>";
		};
/* End PBXGroup section */

/* Begin PBXNativeTarget section */
		03F058872018246A00B568E3 /* raa-ios-player */ = {
			isa = PBXNativeTarget;
			buildConfigurationList = 03F0589C2018246A00B568E3 /* Build configuration list for PBXNativeTarget "raa-ios-player" */;
			buildPhases = (
				203D4B3F7E27E6CAD2BEEC10 /* [CP] Check Pods Manifest.lock */,
				03F058842018246A00B568E3 /* Sources */,
				03F058852018246A00B568E3 /* Frameworks */,
				03F058862018246A00B568E3 /* Resources */,
				EB01886DB3CA197612D0E178 /* [CP] Embed Pods Frameworks */,
				7AEC2977D6C6251FFA802F71 /* [CP] Copy Pods Resources */,
			);
			buildRules = (
			);
			dependencies = (
			);
			name = "raa-ios-player";
			productName = "raa-ios-player";
			productReference = 03F058882018246A00B568E3 /* raa-ios-player.app */;
			productType = "com.apple.product-type.application";
		};
/* End PBXNativeTarget section */

/* Begin PBXProject section */
		03F058802018246A00B568E3 /* Project object */ = {
			isa = PBXProject;
			attributes = {
				LastSwiftUpdateCheck = 0920;
				LastUpgradeCheck = 0920;
				ORGANIZATIONNAME = "Auto-asaad";
				TargetAttributes = {
					03F058872018246A00B568E3 = {
						CreatedOnToolsVersion = 9.2;
						ProvisioningStyle = Automatic;
						SystemCapabilities = {
							com.apple.Push = {
								enabled = 1;
							};
						};
					};
				};
			};
			buildConfigurationList = 03F058832018246A00B568E3 /* Build configuration list for PBXProject "raa-ios-player" */;
			compatibilityVersion = "Xcode 8.0";
			developmentRegion = en;
			hasScannedForEncodings = 0;
			knownRegions = (
				en,
				Base,
			);
			mainGroup = 03F0587F2018246A00B568E3;
			productRefGroup = 03F058892018246A00B568E3 /* Products */;
			projectDirPath = "";
			projectRoot = "";
			targets = (
				03F058872018246A00B568E3 /* raa-ios-player */,
			);
		};
/* End PBXProject section */

/* Begin PBXResourcesBuildPhase section */
		03F058862018246A00B568E3 /* Resources */ = {
			isa = PBXResourcesBuildPhase;
			buildActionMask = 2147483647;
			files = (
				033BDC952037D969002D4096 /* ProgramStart.caf in Resources */,
				03F326972018E7FE00FB054E /* Player.xib in Resources */,
				03F058982018246A00B568E3 /* LaunchScreen.storyboard in Resources */,
				03E07F002030D0A900B4677B /* SplashScreen.storyboard in Resources */,
				0369BD492064AC93000C2FE3 /* Assets.xcassets in Resources */,
				03A4988720225433008B56BA /* Podfile in Resources */,
				03F058932018246A00B568E3 /* Main.storyboard in Resources */,
			);
			runOnlyForDeploymentPostprocessing = 0;
		};
/* End PBXResourcesBuildPhase section */

/* Begin PBXShellScriptBuildPhase section */
		203D4B3F7E27E6CAD2BEEC10 /* [CP] Check Pods Manifest.lock */ = {
			isa = PBXShellScriptBuildPhase;
			buildActionMask = 2147483647;
			files = (
			);
			inputPaths = (
				"${PODS_PODFILE_DIR_PATH}/Podfile.lock",
				"${PODS_ROOT}/Manifest.lock",
			);
			name = "[CP] Check Pods Manifest.lock";
			outputPaths = (
				"$(DERIVED_FILE_DIR)/Pods-raa-ios-player-checkManifestLockResult.txt",
			);
			runOnlyForDeploymentPostprocessing = 0;
			shellPath = /bin/sh;
			shellScript = "diff \"${PODS_PODFILE_DIR_PATH}/Podfile.lock\" \"${PODS_ROOT}/Manifest.lock\" > /dev/null\nif [ $? != 0 ] ; then\n    # print error to STDERR\n    echo \"error: The sandbox is not in sync with the Podfile.lock. Run 'pod install' or update your CocoaPods installation.\" >&2\n    exit 1\nfi\n# This output is used by Xcode 'outputs' to avoid re-running this script phase.\necho \"SUCCESS\" > \"${SCRIPT_OUTPUT_FILE_0}\"\n";
			showEnvVarsInLog = 0;
		};
		7AEC2977D6C6251FFA802F71 /* [CP] Copy Pods Resources */ = {
			isa = PBXShellScriptBuildPhase;
			buildActionMask = 2147483647;
			files = (
			);
			inputPaths = (
			);
			name = "[CP] Copy Pods Resources";
			outputPaths = (
			);
			runOnlyForDeploymentPostprocessing = 0;
			shellPath = /bin/sh;
			shellScript = "\"${SRCROOT}/Pods/Target Support Files/Pods-raa-ios-player/Pods-raa-ios-player-resources.sh\"\n";
			showEnvVarsInLog = 0;
		};
		EB01886DB3CA197612D0E178 /* [CP] Embed Pods Frameworks */ = {
			isa = PBXShellScriptBuildPhase;
			buildActionMask = 2147483647;
			files = (
			);
			inputPaths = (
				"${SRCROOT}/Pods/Target Support Files/Pods-raa-ios-player/Pods-raa-ios-player-frameworks.sh",
				"${BUILT_PRODUCTS_DIR}/Player/Player.framework",
				"${BUILT_PRODUCTS_DIR}/PromiseKit/PromiseKit.framework",
			);
			name = "[CP] Embed Pods Frameworks";
			outputPaths = (
				"${TARGET_BUILD_DIR}/${FRAMEWORKS_FOLDER_PATH}/Player.framework",
				"${TARGET_BUILD_DIR}/${FRAMEWORKS_FOLDER_PATH}/PromiseKit.framework",
			);
			runOnlyForDeploymentPostprocessing = 0;
			shellPath = /bin/sh;
			shellScript = "\"${SRCROOT}/Pods/Target Support Files/Pods-raa-ios-player/Pods-raa-ios-player-frameworks.sh\"\n";
			showEnvVarsInLog = 0;
		};
/* End PBXShellScriptBuildPhase section */

/* Begin PBXSourcesBuildPhase section */
		03F058842018246A00B568E3 /* Sources */ = {
			isa = PBXSourcesBuildPhase;
			buildActionMask = 2147483647;
			files = (
				0325645D201E5F1900494D6E /* Program.swift in Sources */,
				03A498A72023B976008B56BA /* ProgramDetailsViewController.swift in Sources */,
				03A498A420239B1B008B56BA /* CardGroup.swift in Sources */,
				03F0588C2018246A00B568E3 /* AppDelegate.swift in Sources */,
				03A498A020239B1B008B56BA /* CardPlayer.swift in Sources */,
				03381D002025279E00F179E1 /* Utils.swift in Sources */,
				03ECCB872040BD0C00EEF417 /* ArchiveManager.swift in Sources */,
				03A498B220240947008B56BA /* FeedEntryProgramCard.swift in Sources */,
				03ECCB89204123BC00EEF417 /* ProgramArchiveViewController.swift in Sources */,
				03E07EFC202F890C00B4677B /* PlayerViewController.swift in Sources */,
				03A498B120240947008B56BA /* ProgramCard.swift in Sources */,
				0365F92E201931F40061F974 /* FeedViewController.swift in Sources */,
				03701089203286F200FDE4ED /* LiveBroadcastStatus.swift in Sources */,
				03D90129204131AA0064908E /* ProgramArchiveEntryCard.swift in Sources */,
				03A498A520239B1B008B56BA /* CardArticle.swift in Sources */,
				0365F931201977950061F974 /* XibContainer.swift in Sources */,
				03A932932033EDCE00B931B1 /* FeedEntry.swift in Sources */,
				0325645A201E5AFA00494D6E /* Context.swift in Sources */,
				03A498A92023C4DD008B56BA /* FeedManager.swift in Sources */,
				03DDFB6B203E201C006C1F8F /* BackwardCompatibleNavigationController.swift in Sources */,
				03A498AC2023C92E008B56BA /* User.swift in Sources */,
				03A498A220239B1B008B56BA /* Animator.swift in Sources */,
				03381CFE202504F300F179E1 /* UIModelCommunicator.swift in Sources */,
				03CB4E69202E5D32006ECD08 /* ProgramInfoDirectoryManager.swift in Sources */,
				0325645F201E66D500494D6E /* UserManager.swift in Sources */,
				03E07F0420314C8100B4677B /* LiveBroadcastManager.swift in Sources */,
				03ECCB8520408ADA00EEF417 /* ArchiveViewController.swift in Sources */,
				03A498A320239B1B008B56BA /* LayoutHelper.swift in Sources */,
				03ECCB83203F880D00EEF417 /* PublicProgramNotificationViewController.swift in Sources */,
				03CB4E6B202E5DD5006ECD08 /* ProgramInfo.swift in Sources */,
				03A4989F20239B1B008B56BA /* Card.swift in Sources */,
				03A4989D20239B1B008B56BA /* CardGroupSliding.swift in Sources */,
				03CB4E6D202F7762006ECD08 /* PlaybackManager.swift in Sources */,
				03D9012B204211190064908E /* ArchiveEntry.swift in Sources */,
				0365F92B201931850061F974 /* PlayerView.swift in Sources */,
				0365F9332019A5AE0061F974 /* LiveBroadcastViewController.swift in Sources */,
				03A498A120239B1B008B56BA /* CardHighlight.swift in Sources */,
				039CD39120362A4C00303512 /* NotificationManager.swift in Sources */,
				0365F9352019A73F0061F974 /* SettingsViewController.swift in Sources */,
				038BBD922032AE7F0031A56E /* LiveBroadcastProgramCard.swift in Sources */,
				03E07F022030E44A00B4677B /* MainTabBarViewController.swift in Sources */,
				03E07EFE2030CF3700B4677B /* SplashScreenViewController.swift in Sources */,
				03A4989E20239B1B008B56BA /* DetailViewController.swift in Sources */,
				033BDC9320374684002D4096 /* LocationManager.swift in Sources */,
			);
			runOnlyForDeploymentPostprocessing = 0;
		};
/* End PBXSourcesBuildPhase section */

/* Begin PBXVariantGroup section */
		03F058912018246A00B568E3 /* Main.storyboard */ = {
			isa = PBXVariantGroup;
			children = (
				03F058922018246A00B568E3 /* Base */,
			);
			name = Main.storyboard;
			sourceTree = "<group>";
		};
		03F058962018246A00B568E3 /* LaunchScreen.storyboard */ = {
			isa = PBXVariantGroup;
			children = (
				03F058972018246A00B568E3 /* Base */,
			);
			name = LaunchScreen.storyboard;
			sourceTree = "<group>";
		};
/* End PBXVariantGroup section */

/* Begin XCBuildConfiguration section */
		03F0589A2018246A00B568E3 /* Debug */ = {
			isa = XCBuildConfiguration;
			buildSettings = {
				ALWAYS_SEARCH_USER_PATHS = NO;
				CLANG_ANALYZER_NONNULL = YES;
				CLANG_ANALYZER_NUMBER_OBJECT_CONVERSION = YES_AGGRESSIVE;
				CLANG_CXX_LANGUAGE_STANDARD = "gnu++14";
				CLANG_CXX_LIBRARY = "libc++";
				CLANG_ENABLE_MODULES = YES;
				CLANG_ENABLE_OBJC_ARC = YES;
				CLANG_WARN_BLOCK_CAPTURE_AUTORELEASING = YES;
				CLANG_WARN_BOOL_CONVERSION = YES;
				CLANG_WARN_COMMA = YES;
				CLANG_WARN_CONSTANT_CONVERSION = YES;
				CLANG_WARN_DIRECT_OBJC_ISA_USAGE = YES_ERROR;
				CLANG_WARN_DOCUMENTATION_COMMENTS = YES;
				CLANG_WARN_EMPTY_BODY = YES;
				CLANG_WARN_ENUM_CONVERSION = YES;
				CLANG_WARN_INFINITE_RECURSION = YES;
				CLANG_WARN_INT_CONVERSION = YES;
				CLANG_WARN_NON_LITERAL_NULL_CONVERSION = YES;
				CLANG_WARN_OBJC_LITERAL_CONVERSION = YES;
				CLANG_WARN_OBJC_ROOT_CLASS = YES_ERROR;
				CLANG_WARN_RANGE_LOOP_ANALYSIS = YES;
				CLANG_WARN_STRICT_PROTOTYPES = YES;
				CLANG_WARN_SUSPICIOUS_MOVE = YES;
				CLANG_WARN_UNGUARDED_AVAILABILITY = YES_AGGRESSIVE;
				CLANG_WARN_UNREACHABLE_CODE = YES;
				CLANG_WARN__DUPLICATE_METHOD_MATCH = YES;
				CODE_SIGN_IDENTITY = "iPhone Developer";
				COPY_PHASE_STRIP = NO;
				DEBUG_INFORMATION_FORMAT = dwarf;
				ENABLE_STRICT_OBJC_MSGSEND = YES;
				ENABLE_TESTABILITY = YES;
				GCC_C_LANGUAGE_STANDARD = gnu11;
				GCC_DYNAMIC_NO_PIC = NO;
				GCC_NO_COMMON_BLOCKS = YES;
				GCC_OPTIMIZATION_LEVEL = 0;
				GCC_PREPROCESSOR_DEFINITIONS = (
					"DEBUG=1",
					"$(inherited)",
				);
				GCC_WARN_64_TO_32_BIT_CONVERSION = YES;
				GCC_WARN_ABOUT_RETURN_TYPE = YES_ERROR;
				GCC_WARN_UNDECLARED_SELECTOR = YES;
				GCC_WARN_UNINITIALIZED_AUTOS = YES_AGGRESSIVE;
				GCC_WARN_UNUSED_FUNCTION = YES;
				GCC_WARN_UNUSED_VARIABLE = YES;
				IPHONEOS_DEPLOYMENT_TARGET = 11.2;
				MTL_ENABLE_DEBUG_INFO = YES;
				ONLY_ACTIVE_ARCH = YES;
				SDKROOT = iphoneos;
				SWIFT_ACTIVE_COMPILATION_CONDITIONS = DEBUG;
				SWIFT_OPTIMIZATION_LEVEL = "-Onone";
			};
			name = Debug;
		};
		03F0589B2018246A00B568E3 /* Release */ = {
			isa = XCBuildConfiguration;
			buildSettings = {
				ALWAYS_SEARCH_USER_PATHS = NO;
				CLANG_ANALYZER_NONNULL = YES;
				CLANG_ANALYZER_NUMBER_OBJECT_CONVERSION = YES_AGGRESSIVE;
				CLANG_CXX_LANGUAGE_STANDARD = "gnu++14";
				CLANG_CXX_LIBRARY = "libc++";
				CLANG_ENABLE_MODULES = YES;
				CLANG_ENABLE_OBJC_ARC = YES;
				CLANG_WARN_BLOCK_CAPTURE_AUTORELEASING = YES;
				CLANG_WARN_BOOL_CONVERSION = YES;
				CLANG_WARN_COMMA = YES;
				CLANG_WARN_CONSTANT_CONVERSION = YES;
				CLANG_WARN_DIRECT_OBJC_ISA_USAGE = YES_ERROR;
				CLANG_WARN_DOCUMENTATION_COMMENTS = YES;
				CLANG_WARN_EMPTY_BODY = YES;
				CLANG_WARN_ENUM_CONVERSION = YES;
				CLANG_WARN_INFINITE_RECURSION = YES;
				CLANG_WARN_INT_CONVERSION = YES;
				CLANG_WARN_NON_LITERAL_NULL_CONVERSION = YES;
				CLANG_WARN_OBJC_LITERAL_CONVERSION = YES;
				CLANG_WARN_OBJC_ROOT_CLASS = YES_ERROR;
				CLANG_WARN_RANGE_LOOP_ANALYSIS = YES;
				CLANG_WARN_STRICT_PROTOTYPES = YES;
				CLANG_WARN_SUSPICIOUS_MOVE = YES;
				CLANG_WARN_UNGUARDED_AVAILABILITY = YES_AGGRESSIVE;
				CLANG_WARN_UNREACHABLE_CODE = YES;
				CLANG_WARN__DUPLICATE_METHOD_MATCH = YES;
				CODE_SIGN_IDENTITY = "iPhone Developer";
				COPY_PHASE_STRIP = NO;
				DEBUG_INFORMATION_FORMAT = "dwarf-with-dsym";
				ENABLE_NS_ASSERTIONS = NO;
				ENABLE_STRICT_OBJC_MSGSEND = YES;
				GCC_C_LANGUAGE_STANDARD = gnu11;
				GCC_NO_COMMON_BLOCKS = YES;
				GCC_WARN_64_TO_32_BIT_CONVERSION = YES;
				GCC_WARN_ABOUT_RETURN_TYPE = YES_ERROR;
				GCC_WARN_UNDECLARED_SELECTOR = YES;
				GCC_WARN_UNINITIALIZED_AUTOS = YES_AGGRESSIVE;
				GCC_WARN_UNUSED_FUNCTION = YES;
				GCC_WARN_UNUSED_VARIABLE = YES;
				IPHONEOS_DEPLOYMENT_TARGET = 11.2;
				MTL_ENABLE_DEBUG_INFO = NO;
				SDKROOT = iphoneos;
				SWIFT_OPTIMIZATION_LEVEL = "-Owholemodule";
				VALIDATE_PRODUCT = YES;
			};
			name = Release;
		};
		03F0589D2018246A00B568E3 /* Debug */ = {
			isa = XCBuildConfiguration;
			baseConfigurationReference = 70340E560AA2D00B77AF7DEC /* Pods-raa-ios-player.debug.xcconfig */;
			buildSettings = {
				ASSETCATALOG_COMPILER_APPICON_NAME = AppIcon;
				CODE_SIGN_ENTITLEMENTS = "raa-ios-player/raa-ios-player.entitlements";
				CODE_SIGN_IDENTITY = "iPhone Developer";
				CODE_SIGN_STYLE = Automatic;
				DEVELOPMENT_TEAM = YLKA663U7G;
				INFOPLIST_FILE = "raa-ios-player/Info.plist";
				IPHONEOS_DEPLOYMENT_TARGET = 10;
				LD_RUNPATH_SEARCH_PATHS = "$(inherited) @executable_path/Frameworks";
				PRODUCT_BUNDLE_IDENTIFIER = "raa.raa-ios-player";
				PRODUCT_NAME = "$(TARGET_NAME)";
				PROVISIONING_PROFILE_SPECIFIER = "";
				SWIFT_OBJC_BRIDGING_HEADER = "";
				SWIFT_VERSION = 4.0;
				TARGETED_DEVICE_FAMILY = "1,2";
			};
			name = Debug;
		};
		03F0589E2018246A00B568E3 /* Release */ = {
			isa = XCBuildConfiguration;
			baseConfigurationReference = 8979E1EFFED910C8284194BE /* Pods-raa-ios-player.release.xcconfig */;
			buildSettings = {
				ASSETCATALOG_COMPILER_APPICON_NAME = AppIcon;
				CODE_SIGN_ENTITLEMENTS = "raa-ios-player/raa-ios-player.entitlements";
				CODE_SIGN_IDENTITY = "iPhone Developer";
				CODE_SIGN_STYLE = Automatic;
				DEVELOPMENT_TEAM = YLKA663U7G;
				INFOPLIST_FILE = "raa-ios-player/Info.plist";
				IPHONEOS_DEPLOYMENT_TARGET = 10;
				LD_RUNPATH_SEARCH_PATHS = "$(inherited) @executable_path/Frameworks";
				PRODUCT_BUNDLE_IDENTIFIER = "raa.raa-ios-player";
				PRODUCT_NAME = "$(TARGET_NAME)";
				PROVISIONING_PROFILE_SPECIFIER = "";
				SWIFT_OBJC_BRIDGING_HEADER = "";
				SWIFT_VERSION = 4.0;
				TARGETED_DEVICE_FAMILY = "1,2";
			};
			name = Release;
		};
/* End XCBuildConfiguration section */

/* Begin XCConfigurationList section */
		03F058832018246A00B568E3 /* Build configuration list for PBXProject "raa-ios-player" */ = {
			isa = XCConfigurationList;
			buildConfigurations = (
				03F0589A2018246A00B568E3 /* Debug */,
				03F0589B2018246A00B568E3 /* Release */,
			);
			defaultConfigurationIsVisible = 0;
			defaultConfigurationName = Release;
		};
		03F0589C2018246A00B568E3 /* Build configuration list for PBXNativeTarget "raa-ios-player" */ = {
			isa = XCConfigurationList;
			buildConfigurations = (
				03F0589D2018246A00B568E3 /* Debug */,
				03F0589E2018246A00B568E3 /* Release */,
			);
			defaultConfigurationIsVisible = 0;
			defaultConfigurationName = Release;
		};
/* End XCConfigurationList section */
	};
	rootObject = 03F058802018246A00B568E3 /* Project object */;
}
